// !$*UTF8*$!
{
	archiveVersion = 1;
	classes = {
	};
	objectVersion = 46;
	objects = {

/* Begin PBXBuildFile section */
		D96A82031E53DE2B00745C18 /* randmst.cpp in Sources */ = {isa = PBXBuildFile; fileRef = D96A81F91E53DC6200745C18 /* randmst.cpp */; };
/* End PBXBuildFile section */

/* Begin PBXCopyFilesBuildPhase section */
		D96A81F41E53DC6200745C18 /* CopyFiles */ = {
			isa = PBXCopyFilesBuildPhase;
			buildActionMask = 2147483647;
			dstPath = /usr/share/man/man1/;
			dstSubfolderSpec = 0;
			files = (
			);
			runOnlyForDeploymentPostprocessing = 1;
		};
/* End PBXCopyFilesBuildPhase section */

/* Begin PBXFileReference section */
		D9371BA91E563F9300BF51E2 /* clippings */ = {isa = PBXFileReference; fileEncoding = 4; lastKnownFileType = text; path = clippings; sourceTree = "<group>"; xcLanguageSpecificationIdentifier = xcode.lang.cpp; };
		D96A81F61E53DC6200745C18 /* code1 */ = {isa = PBXFileReference; explicitFileType = "compiled.mach-o.executable"; includeInIndex = 0; path = code1; sourceTree = BUILT_PRODUCTS_DIR; };
		D96A81F91E53DC6200745C18 /* randmst.cpp */ = {isa = PBXFileReference; lastKnownFileType = sourcecode.cpp.cpp; path = randmst.cpp; sourceTree = "<group>"; };
		D96A82011E53DD0600745C18 /* Makefile */ = {isa = PBXFileReference; fileEncoding = 4; lastKnownFileType = sourcecode.make; path = Makefile; sourceTree = "<group>"; };
		D96A82041E54F46700745C18 /* lang overview */ = {isa = PBXFileReference; fileEncoding = 4; lastKnownFileType = text; path = "lang overview"; sourceTree = "<group>"; xcLanguageSpecificationIdentifier = xcode.lang.cpp; };
/* End PBXFileReference section */

/* Begin PBXFrameworksBuildPhase section */
		D96A81F31E53DC6200745C18 /* Frameworks */ = {
			isa = PBXFrameworksBuildPhase;
			buildActionMask = 2147483647;
			files = (
			);
			runOnlyForDeploymentPostprocessing = 0;
		};
/* End PBXFrameworksBuildPhase section */

/* Begin PBXGroup section */
		D96A81ED1E53DC6200745C18 = {
			isa = PBXGroup;
			children = (
				D96A81F81E53DC6200745C18 /* code1 */,
				D96A81F71E53DC6200745C18 /* Products */,
			);
			sourceTree = "<group>";
		};
		D96A81F71E53DC6200745C18 /* Products */ = {
			isa = PBXGroup;
			children = (
				D96A81F61E53DC6200745C18 /* code1 */,
			);
			name = Products;
			sourceTree = "<group>";
		};
		D96A81F81E53DC6200745C18 /* code1 */ = {
			isa = PBXGroup;
			children = (
				D96A81F91E53DC6200745C18 /* randmst.cpp */,
				D96A82011E53DD0600745C18 /* Makefile */,
				D96A82041E54F46700745C18 /* lang overview */,
				D9371BA91E563F9300BF51E2 /* clippings */,
			);
			path = code1;
			sourceTree = "<group>";
		};
/* End PBXGroup section */

/* Begin PBXNativeTarget section */
		D96A81F51E53DC6200745C18 /* code1 */ = {
			isa = PBXNativeTarget;
			buildConfigurationList = D96A81FD1E53DC6200745C18 /* Build configuration list for PBXNativeTarget "code1" */;
			buildPhases = (
				D96A81F21E53DC6200745C18 /* Sources */,
				D96A81F31E53DC6200745C18 /* Frameworks */,
				D96A81F41E53DC6200745C18 /* CopyFiles */,
			);
			buildRules = (
			);
			dependencies = (
			);
			name = code1;
			productName = code1;
			productReference = D96A81F61E53DC6200745C18 /* code1 */;
			productType = "com.apple.product-type.tool";
		};
/* End PBXNativeTarget section */

/* Begin PBXProject section */
		D96A81EE1E53DC6200745C18 /* Project object */ = {
			isa = PBXProject;
			attributes = {
				LastUpgradeCheck = 0820;
				ORGANIZATIONNAME = Ondaatje124;
				TargetAttributes = {
					D96A81F51E53DC6200745C18 = {
						CreatedOnToolsVersion = 8.2.1;
						ProvisioningStyle = Automatic;
					};
				};
			};
			buildConfigurationList = D96A81F11E53DC6200745C18 /* Build configuration list for PBXProject "code1" */;
			compatibilityVersion = "Xcode 3.2";
			developmentRegion = English;
			hasScannedForEncodings = 0;
			knownRegions = (
				en,
			);
			mainGroup = D96A81ED1E53DC6200745C18;
			productRefGroup = D96A81F71E53DC6200745C18 /* Products */;
			projectDirPath = "";
			projectRoot = "";
			targets = (
				D96A81F51E53DC6200745C18 /* code1 */,
			);
		};
/* End PBXProject section */

/* Begin PBXSourcesBuildPhase section */
		D96A81F21E53DC6200745C18 /* Sources */ = {
			isa = PBXSourcesBuildPhase;
			buildActionMask = 2147483647;
			files = (
				D96A82031E53DE2B00745C18 /* randmst.cpp in Sources */,
			);
			runOnlyForDeploymentPostprocessing = 0;
		};
/* End PBXSourcesBuildPhase section */

/* Begin XCBuildConfiguration section */
		D96A81FB1E53DC6200745C18 /* Debug */ = {
			isa = XCBuildConfiguration;
			buildSettings = {
				ALWAYS_SEARCH_USER_PATHS = NO;
				CLANG_ANALYZER_NONNULL = YES;
				CLANG_CXX_LANGUAGE_STANDARD = "gnu++0x";
				CLANG_CXX_LIBRARY = "libc++";
				CLANG_ENABLE_MODULES = YES;
				CLANG_ENABLE_OBJC_ARC = YES;
				CLANG_WARN_BOOL_CONVERSION = YES;
				CLANG_WARN_CONSTANT_CONVERSION = YES;
				CLANG_WARN_DIRECT_OBJC_ISA_USAGE = YES_ERROR;
				CLANG_WARN_DOCUMENTATION_COMMENTS = YES;
				CLANG_WARN_EMPTY_BODY = YES;
				CLANG_WARN_ENUM_CONVERSION = YES;
				CLANG_WARN_INFINITE_RECURSION = YES;
				CLANG_WARN_INT_CONVERSION = YES;
				CLANG_WARN_OBJC_ROOT_CLASS = YES_ERROR;
				CLANG_WARN_SUSPICIOUS_MOVE = YES;
				CLANG_WARN_UNREACHABLE_CODE = YES;
				CLANG_WARN__DUPLICATE_METHOD_MATCH = YES;
				CODE_SIGN_IDENTITY = "-";
				COPY_PHASE_STRIP = NO;
				DEBUG_INFORMATION_FORMAT = dwarf;
				ENABLE_STRICT_OBJC_MSGSEND = YES;
				ENABLE_TESTABILITY = YES;
				GCC_C_LANGUAGE_STANDARD = gnu99;
				GCC_DYNAMIC_NO_PIC = NO;
				GCC_NO_COMMON_BLOCKS = YES;
				GCC_OPTIMIZATION_LEVEL = 0;
				GCC_PREPROCESSOR_DEFINITIONS = (
					"DEBUG=1",
					"$(inherited)",
				);
				GCC_WARN_64_TO_32_BIT_CONVERSION = YES;
				GCC_WARN_ABOUT_RETURN_TYPE = YES_ERROR;
				GCC_WARN_UNDECLARED_SELECTOR = YES;
				GCC_WARN_UNINITIALIZED_AUTOS = YES_AGGRESSIVE;
				GCC_WARN_UNUSED_FUNCTION = YES;
				GCC_WARN_UNUSED_VARIABLE = YES;
				MACOSX_DEPLOYMENT_TARGET = 10.12;
				MTL_ENABLE_DEBUG_INFO = YES;
				ONLY_ACTIVE_ARCH = YES;
				SDKROOT = macosx;
			};
			name = Debug;
		};
		D96A81FC1E53DC6200745C18 /* Release */ = {
			isa = XCBuildConfiguration;
			buildSettings = {
				ALWAYS_SEARCH_USER_PATHS = NO;
				CLANG_ANALYZER_NONNULL = YES;
				CLANG_CXX_LANGUAGE_STANDARD = "gnu++0x";
				CLANG_CXX_LIBRARY = "libc++";
				CLANG_ENABLE_MODULES = YES;
				CLANG_ENABLE_OBJC_ARC = YES;
				CLANG_WARN_BOOL_CONVERSION = YES;
				CLANG_WARN_CONSTANT_CONVERSION = YES;
				CLANG_WARN_DIRECT_OBJC_ISA_USAGE = YES_ERROR;
				CLANG_WARN_DOCUMENTATION_COMMENTS = YES;
				CLANG_WARN_EMPTY_BODY = YES;
				CLANG_WARN_ENUM_CONVERSION = YES;
				CLANG_WARN_INFINITE_RECURSION = YES;
				CLANG_WARN_INT_CONVERSION = YES;
				CLANG_WARN_OBJC_ROOT_CLASS = YES_ERROR;
				CLANG_WARN_SUSPICIOUS_MOVE = YES;
				CLANG_WARN_UNREACHABLE_CODE = YES;
				CLANG_WARN__DUPLICATE_METHOD_MATCH = YES;
				CODE_SIGN_IDENTITY = "-";
				COPY_PHASE_STRIP = NO;
				DEBUG_INFORMATION_FORMAT = "dwarf-with-dsym";
				ENABLE_NS_ASSERTIONS = NO;
				ENABLE_STRICT_OBJC_MSGSEND = YES;
				GCC_C_LANGUAGE_STANDARD = gnu99;
				GCC_NO_COMMON_BLOCKS = YES;
				GCC_WARN_64_TO_32_BIT_CONVERSION = YES;
				GCC_WARN_ABOUT_RETURN_TYPE = YES_ERROR;
				GCC_WARN_UNDECLARED_SELECTOR = YES;
				GCC_WARN_UNINITIALIZED_AUTOS = YES_AGGRESSIVE;
				GCC_WARN_UNUSED_FUNCTION = YES;
				GCC_WARN_UNUSED_VARIABLE = YES;
				MACOSX_DEPLOYMENT_TARGET = 10.12;
				MTL_ENABLE_DEBUG_INFO = NO;
				SDKROOT = macosx;
			};
			name = Release;
		};
		D96A81FE1E53DC6200745C18 /* Debug */ = {
			isa = XCBuildConfiguration;
			buildSettings = {
				PRODUCT_NAME = "$(TARGET_NAME)";
			};
			name = Debug;
		};
		D96A81FF1E53DC6200745C18 /* Release */ = {
			isa = XCBuildConfiguration;
			buildSettings = {
				PRODUCT_NAME = "$(TARGET_NAME)";
			};
			name = Release;
		};
/* End XCBuildConfiguration section */

/* Begin XCConfigurationList section */
		D96A81F11E53DC6200745C18 /* Build configuration list for PBXProject "code1" */ = {
			isa = XCConfigurationList;
			buildConfigurations = (
				D96A81FB1E53DC6200745C18 /* Debug */,
				D96A81FC1E53DC6200745C18 /* Release */,
			);
			defaultConfigurationIsVisible = 0;
			defaultConfigurationName = Release;
		};
		D96A81FD1E53DC6200745C18 /* Build configuration list for PBXNativeTarget "code1" */ = {
			isa = XCConfigurationList;
			buildConfigurations = (
				D96A81FE1E53DC6200745C18 /* Debug */,
				D96A81FF1E53DC6200745C18 /* Release */,
			);
			defaultConfigurationIsVisible = 0;
			defaultConfigurationName = Release;
		};
/* End XCConfigurationList section */
	};
	rootObject = D96A81EE1E53DC6200745C18 /* Project object */;
}
